
Microsoft Visual Studio Solution File, Format Version 12.00
# Visual Studio 15
VisualStudioVersion = 15.0.26730.16
MinimumVisualStudioVersion = 10.0.40219.1
Project("{FAE04EC0-301F-11D3-BF4B-00C04F79EFBC}") = "Crosswords", "Crosswords\Crosswords.csproj", "{60D4C0EB-F5A0-447F-B056-BBFDB0E5E963}"
EndProject
Project("{FAE04EC0-301F-11D3-BF4B-00C04F79EFBC}") = "CrosswordTests", "CrosswordTests\CrosswordTests.csproj", "{388574C5-9F14-4220-8994-9EE75C5A1351}"
EndProject
Project("{FAE04EC0-301F-11D3-BF4B-00C04F79EFBC}") = "CrosswordWPF", "CrosswordWPF\CrosswordWPF.csproj", "{77E59407-1E15-46C2-85DB-F982BCCC3DBF}"
EndProject
Global
	GlobalSection(SolutionConfigurationPlatforms) = preSolution
		Debug|Any CPU = Debug|Any CPU
		Release|Any CPU = Release|Any CPU
	EndGlobalSection
	GlobalSection(ProjectConfigurationPlatforms) = postSolution
		{60D4C0EB-F5A0-447F-B056-BBFDB0E5E963}.Debug|Any CPU.ActiveCfg = Debug|Any CPU
		{60D4C0EB-F5A0-447F-B056-BBFDB0E5E963}.Debug|Any CPU.Build.0 = Debug|Any CPU
		{60D4C0EB-F5A0-447F-B056-BBFDB0E5E963}.Release|Any CPU.ActiveCfg = Release|Any CPU
		{60D4C0EB-F5A0-447F-B056-BBFDB0E5E963}.Release|Any CPU.Build.0 = Release|Any CPU
		{388574C5-9F14-4220-8994-9EE75C5A1351}.Debug|Any CPU.ActiveCfg = Debug|Any CPU
		{388574C5-9F14-4220-8994-9EE75C5A1351}.Debug|Any CPU.Build.0 = Debug|Any CPU
		{388574C5-9F14-4220-8994-9EE75C5A1351}.Release|Any CPU.ActiveCfg = Release|Any CPU
		{388574C5-9F14-4220-8994-9EE75C5A1351}.Release|Any CPU.Build.0 = Release|Any CPU
		{77E59407-1E15-46C2-85DB-F982BCCC3DBF}.Debug|Any CPU.ActiveCfg = Debug|Any CPU
		{77E59407-1E15-46C2-85DB-F982BCCC3DBF}.Debug|Any CPU.Build.0 = Debug|Any CPU
		{77E59407-1E15-46C2-85DB-F982BCCC3DBF}.Release|Any CPU.ActiveCfg = Release|Any CPU
		{77E59407-1E15-46C2-85DB-F982BCCC3DBF}.Release|Any CPU.Build.0 = Release|Any CPU
	EndGlobalSection
	GlobalSection(SolutionProperties) = preSolution
		HideSolutionNode = FALSE
	EndGlobalSection
	GlobalSection(ExtensibilityGlobals) = postSolution
		SolutionGuid = {A512E1A2-4903-4EB8-B655-F44043127ADD}
	EndGlobalSection
EndGlobal
